{
  "requires": true,
  "lockfileVersion": 1,
  "dependencies": {
    "angular-bootstrap-calendar": {
      "version": "0.30.0",
      "resolved": "https://registry.npmjs.org/angular-bootstrap-calendar/-/angular-bootstrap-calendar-0.30.0.tgz",
      "integrity": "sha512-KGygxC+CyeQe+zBd6tT7VbJXsBS+tFK791PDxQ6FyDZ5nTB3xuq51d0InebxKu0gjGWX2jMPWF8Z6Ra/gmRydw==",
      "requires": {
        "angular-touch": "1.6.6",
        "angular-ui-bootstrap": "2.5.6",
        "interactjs": "1.2.9"
      }
    },
    "angular-touch": {
      "version": "1.6.6",
      "resolved": "https://registry.npmjs.org/angular-touch/-/angular-touch-1.6.6.tgz",
      "integrity": "sha1-8gaCglAbleKRNZMNHOcV1UBew+U="
    },
    "angular-ui-bootstrap": {
      "version": "2.5.6",
      "resolved": "https://registry.npmjs.org/angular-ui-bootstrap/-/angular-ui-bootstrap-2.5.6.tgz",
      "integrity": "sha512-yzcHpPMLQl0232nDzm5P4iAFTFQ9dMw0QgFLuKYbDj9M0xJ62z0oudYD/Lvh1pWfRsukiytP4Xj6BHOSrSXP8A=="
    },
    "interactjs": {
      "version": "1.2.9",
      "resolved": "https://registry.npmjs.org/interactjs/-/interactjs-1.2.9.tgz",
      "integrity": "sha1-rlo+W8SxdLf+KkMt+e9O+cusvbY="
    }
  }
}
